
Microsoft Visual Studio Solution File, Format Version 12.00
# Visual Studio Version 17
VisualStudioVersion = 17.7.34202.233
MinimumVisualStudioVersion = 10.0.40219.1
Project("{2150E333-8FDC-42A3-9474-1A3956D46DE8}") = "Solution Items", "Solution Items", "{CEC04DCC-35C7-4F25-889C-E392678E3937}"
	ProjectSection(SolutionItems) = preProject
		LICENSE = LICENSE
		README.md = README.md
	EndProjectSection
EndProject
Project("{FAE04EC0-301F-11D3-BF4B-00C04F79EFBC}") = "BigStorage", "BigStorage\BigStorage.csproj", "{A0525AF6-ADFE-4A92-A2DC-4897298490D3}"
EndProject
Project("{FAE04EC0-301F-11D3-BF4B-00C04F79EFBC}") = "ResourcesSearchHotkey", "ResourcesSearchHotkey\ResourcesSearchHotkey.csproj", "{20A701EA-B0F4-0B23-D1E1-6A77A2203CDE}"
EndProject
Project("{FAE04EC0-301F-11D3-BF4B-00C04F79EFBC}") = "NotSoFast", "NotSoFast\NotSoFast.csproj", "{2C57CE63-22FA-48B3-8D24-F345DBF743C2}"
EndProject
Project("{FAE04EC0-301F-11D3-BF4B-00C04F79EFBC}") = "RefinedMetalsAreStillMetals", "RefinedMetalsAreStillMetals\RefinedMetalsAreStillMetals.csproj", "{F1607CA6-C2B8-5A65-AA6E-B7ED8A6F8F98}"
EndProject
Global
	GlobalSection(SolutionConfigurationPlatforms) = preSolution
		Debug|Any CPU = Debug|Any CPU
		Release|Any CPU = Release|Any CPU
	EndGlobalSection
	GlobalSection(ProjectConfigurationPlatforms) = postSolution
		{A0525AF6-ADFE-4A92-A2DC-4897298490D3}.Debug|Any CPU.ActiveCfg = Debug|Any CPU
		{A0525AF6-ADFE-4A92-A2DC-4897298490D3}.Debug|Any CPU.Build.0 = Debug|Any CPU
		{A0525AF6-ADFE-4A92-A2DC-4897298490D3}.Release|Any CPU.ActiveCfg = Release|Any CPU
		{A0525AF6-ADFE-4A92-A2DC-4897298490D3}.Release|Any CPU.Build.0 = Release|Any CPU
		{20A701EA-B0F4-0B23-D1E1-6A77A2203CDE}.Debug|Any CPU.ActiveCfg = Debug|Any CPU
		{20A701EA-B0F4-0B23-D1E1-6A77A2203CDE}.Debug|Any CPU.Build.0 = Debug|Any CPU
		{20A701EA-B0F4-0B23-D1E1-6A77A2203CDE}.Release|Any CPU.ActiveCfg = Release|Any CPU
		{20A701EA-B0F4-0B23-D1E1-6A77A2203CDE}.Release|Any CPU.Build.0 = Release|Any CPU
		{2C57CE63-22FA-48B3-8D24-F345DBF743C2}.Debug|Any CPU.ActiveCfg = Debug|Any CPU
		{2C57CE63-22FA-48B3-8D24-F345DBF743C2}.Debug|Any CPU.Build.0 = Debug|Any CPU
		{2C57CE63-22FA-48B3-8D24-F345DBF743C2}.Release|Any CPU.ActiveCfg = Release|Any CPU
		{2C57CE63-22FA-48B3-8D24-F345DBF743C2}.Release|Any CPU.Build.0 = Release|Any CPU
		{F1607CA6-C2B8-5A65-AA6E-B7ED8A6F8F98}.Debug|Any CPU.ActiveCfg = Debug|Any CPU
		{F1607CA6-C2B8-5A65-AA6E-B7ED8A6F8F98}.Debug|Any CPU.Build.0 = Debug|Any CPU
		{F1607CA6-C2B8-5A65-AA6E-B7ED8A6F8F98}.Release|Any CPU.ActiveCfg = Release|Any CPU
		{F1607CA6-C2B8-5A65-AA6E-B7ED8A6F8F98}.Release|Any CPU.Build.0 = Release|Any CPU
	EndGlobalSection
	GlobalSection(SolutionProperties) = preSolution
		HideSolutionNode = FALSE
	EndGlobalSection
	GlobalSection(ExtensibilityGlobals) = postSolution
		SolutionGuid = {58C0A93B-1A0C-4BBA-A05B-CF1E8651D582}
	EndGlobalSection
EndGlobal
